
Microsoft Visual Studio Solution File, Format Version 12.00
# Visual Studio Version 16
VisualStudioVersion = 16.0.30523.141
MinimumVisualStudioVersion = 10.0.40219.1
Project("{9A19103F-16F7-4668-BE54-9A1E7A4F7556}") = "NymaEshop2", "NymaEshop2\NymaEshop2.csproj", "{7253EB6D-DECA-4ECF-A714-C9150EB743EB}"
EndProject
Global
	GlobalSection(SolutionConfigurationPlatforms) = preSolution
		Debug|Any CPU = Debug|Any CPU
		Release|Any CPU = Release|Any CPU
	EndGlobalSection
	GlobalSection(ProjectConfigurationPlatforms) = postSolution
		{7253EB6D-DECA-4ECF-A714-C9150EB743EB}.Debug|Any CPU.ActiveCfg = Debug|Any CPU
		{7253EB6D-DECA-4ECF-A714-C9150EB743EB}.Debug|Any CPU.Build.0 = Debug|Any CPU
		{7253EB6D-DECA-4ECF-A714-C9150EB743EB}.Release|Any CPU.ActiveCfg = Release|Any CPU
		{7253EB6D-DECA-4ECF-A714-C9150EB743EB}.Release|Any CPU.Build.0 = Release|Any CPU
	EndGlobalSection
	GlobalSection(SolutionProperties) = preSolution
		HideSolutionNode = FALSE
	EndGlobalSection
	GlobalSection(ExtensibilityGlobals) = postSolution
		SolutionGuid = {5EA84BBF-3069-4853-91A6-6E26017D60A6}
	EndGlobalSection
EndGlobal
